
Microsoft Visual Studio Solution File, Format Version 12.00
# Visual Studio Version 17
VisualStudioVersion = 17.4.33213.308
MinimumVisualStudioVersion = 10.0.40219.1
Project("{9A19103F-16F7-4668-BE54-9A1E7A4F7556}") = "ATM", "ATM\ATM.csproj", "{01D022C3-7EB5-4364-A60A-A237331A9B4D}"
EndProject
Project("{9A19103F-16F7-4668-BE54-9A1E7A4F7556}") = "Common", "Common\Common.csproj", "{891B4725-32B8-4350-94D7-45B5277A5947}"
EndProject
Project("{9A19103F-16F7-4668-BE54-9A1E7A4F7556}") = "Data", "Data\Data.csproj", "{78D79FDF-BDD3-4664-AD53-C597A676DDCB}"
EndProject
Project("{9A19103F-16F7-4668-BE54-9A1E7A4F7556}") = "Services", "Services\Services.csproj", "{342EC43F-CC8F-4979-9028-84D19E2A2CCC}"
EndProject
Global
	GlobalSection(SolutionConfigurationPlatforms) = preSolution
		Debug|Any CPU = Debug|Any CPU
		Release|Any CPU = Release|Any CPU
	EndGlobalSection
	GlobalSection(ProjectConfigurationPlatforms) = postSolution
		{01D022C3-7EB5-4364-A60A-A237331A9B4D}.Debug|Any CPU.ActiveCfg = Debug|Any CPU
		{01D022C3-7EB5-4364-A60A-A237331A9B4D}.Debug|Any CPU.Build.0 = Debug|Any CPU
		{01D022C3-7EB5-4364-A60A-A237331A9B4D}.Release|Any CPU.ActiveCfg = Release|Any CPU
		{01D022C3-7EB5-4364-A60A-A237331A9B4D}.Release|Any CPU.Build.0 = Release|Any CPU
		{891B4725-32B8-4350-94D7-45B5277A5947}.Debug|Any CPU.ActiveCfg = Debug|Any CPU
		{891B4725-32B8-4350-94D7-45B5277A5947}.Debug|Any CPU.Build.0 = Debug|Any CPU
		{891B4725-32B8-4350-94D7-45B5277A5947}.Release|Any CPU.ActiveCfg = Release|Any CPU
		{891B4725-32B8-4350-94D7-45B5277A5947}.Release|Any CPU.Build.0 = Release|Any CPU
		{78D79FDF-BDD3-4664-AD53-C597A676DDCB}.Debug|Any CPU.ActiveCfg = Debug|Any CPU
		{78D79FDF-BDD3-4664-AD53-C597A676DDCB}.Debug|Any CPU.Build.0 = Debug|Any CPU
		{78D79FDF-BDD3-4664-AD53-C597A676DDCB}.Release|Any CPU.ActiveCfg = Release|Any CPU
		{78D79FDF-BDD3-4664-AD53-C597A676DDCB}.Release|Any CPU.Build.0 = Release|Any CPU
		{342EC43F-CC8F-4979-9028-84D19E2A2CCC}.Debug|Any CPU.ActiveCfg = Debug|Any CPU
		{342EC43F-CC8F-4979-9028-84D19E2A2CCC}.Debug|Any CPU.Build.0 = Debug|Any CPU
		{342EC43F-CC8F-4979-9028-84D19E2A2CCC}.Release|Any CPU.ActiveCfg = Release|Any CPU
		{342EC43F-CC8F-4979-9028-84D19E2A2CCC}.Release|Any CPU.Build.0 = Release|Any CPU
	EndGlobalSection
	GlobalSection(SolutionProperties) = preSolution
		HideSolutionNode = FALSE
	EndGlobalSection
	GlobalSection(ExtensibilityGlobals) = postSolution
		SolutionGuid = {7F0EB79A-6B04-4006-BFDF-755288B3F849}
	EndGlobalSection
EndGlobal
